
Microsoft Visual Studio Solution File, Format Version 12.00
# Visual Studio 15
VisualStudioVersion = 15.0.28010.2036
MinimumVisualStudioVersion = 10.0.40219.1
Project("{9A19103F-16F7-4668-BE54-9A1E7A4F7556}") = "ServiceBusSample.Producer", "ServiceBusSample\ServiceBusSample.Producer.csproj", "{67B11623-8E43-448B-9B77-7AD27F2DD67C}"
EndProject
Project("{9A19103F-16F7-4668-BE54-9A1E7A4F7556}") = "ServiceBusSample.Consumer", "ServiceBusSample.Consumer\ServiceBusSample.Consumer.csproj", "{7695CC32-6BE8-439B-AE38-3C5D93B5EDE2}"
EndProject
Global
	GlobalSection(SolutionConfigurationPlatforms) = preSolution
		Debug|Any CPU = Debug|Any CPU
		Release|Any CPU = Release|Any CPU
	EndGlobalSection
	GlobalSection(ProjectConfigurationPlatforms) = postSolution
		{67B11623-8E43-448B-9B77-7AD27F2DD67C}.Debug|Any CPU.ActiveCfg = Debug|Any CPU
		{67B11623-8E43-448B-9B77-7AD27F2DD67C}.Debug|Any CPU.Build.0 = Debug|Any CPU
		{67B11623-8E43-448B-9B77-7AD27F2DD67C}.Release|Any CPU.ActiveCfg = Release|Any CPU
		{67B11623-8E43-448B-9B77-7AD27F2DD67C}.Release|Any CPU.Build.0 = Release|Any CPU
		{7695CC32-6BE8-439B-AE38-3C5D93B5EDE2}.Debug|Any CPU.ActiveCfg = Debug|Any CPU
		{7695CC32-6BE8-439B-AE38-3C5D93B5EDE2}.Debug|Any CPU.Build.0 = Debug|Any CPU
		{7695CC32-6BE8-439B-AE38-3C5D93B5EDE2}.Release|Any CPU.ActiveCfg = Release|Any CPU
		{7695CC32-6BE8-439B-AE38-3C5D93B5EDE2}.Release|Any CPU.Build.0 = Release|Any CPU
	EndGlobalSection
	GlobalSection(SolutionProperties) = preSolution
		HideSolutionNode = FALSE
	EndGlobalSection
	GlobalSection(ExtensibilityGlobals) = postSolution
		SolutionGuid = {30F93AA7-EF26-4EA3-9D9C-A55FB1CF4232}
	EndGlobalSection
EndGlobal
